
Microsoft Visual Studio Solution File, Format Version 12.00
# Visual Studio Version 16
VisualStudioVersion = 16.0.33027.164
MinimumVisualStudioVersion = 10.0.40219.1
Project("{FAE04EC0-301F-11D3-BF4B-00C04F79EFBC}") = "HackerRank30DaysOfCodeD5", "HackerRank30DaysOfCodeD5\HackerRank30DaysOfCodeD5.csproj", "{655399A4-9F73-41F3-B3BD-6C9A84CE3353}"
EndProject
Global
	GlobalSection(SolutionConfigurationPlatforms) = preSolution
		Debug|Any CPU = Debug|Any CPU
		Release|Any CPU = Release|Any CPU
	EndGlobalSection
	GlobalSection(ProjectConfigurationPlatforms) = postSolution
		{655399A4-9F73-41F3-B3BD-6C9A84CE3353}.Debug|Any CPU.ActiveCfg = Debug|Any CPU
		{655399A4-9F73-41F3-B3BD-6C9A84CE3353}.Debug|Any CPU.Build.0 = Debug|Any CPU
		{655399A4-9F73-41F3-B3BD-6C9A84CE3353}.Release|Any CPU.ActiveCfg = Release|Any CPU
		{655399A4-9F73-41F3-B3BD-6C9A84CE3353}.Release|Any CPU.Build.0 = Release|Any CPU
	EndGlobalSection
	GlobalSection(SolutionProperties) = preSolution
		HideSolutionNode = FALSE
	EndGlobalSection
	GlobalSection(ExtensibilityGlobals) = postSolution
		SolutionGuid = {675B6019-13E3-47D9-A1B9-47F05CA327D8}
	EndGlobalSection
EndGlobal
